// !$*UTF8*$!
{
	archiveVersion = 1;
	classes = {
	};
	objectVersion = 48;
	objects = {

/* Begin PBXBuildFile section */
		443CE4FFEC12C00B44CED9C8 /* Pods_Pray_Together.framework in Frameworks */ = {isa = PBXBuildFile; fileRef = BC655F3E11C15C09BF0C4B62 /* Pods_Pray_Together.framework */; };
		F135B5841F7FE9370001EAE2 /* AppDelegate.swift in Sources */ = {isa = PBXBuildFile; fileRef = F135B5831F7FE9370001EAE2 /* AppDelegate.swift */; };
		F135B5861F7FE9370001EAE2 /* PrayerStreamViewController.swift in Sources */ = {isa = PBXBuildFile; fileRef = F135B5851F7FE9370001EAE2 /* PrayerStreamViewController.swift */; };
		F135B5881F7FE9370001EAE2 /* GroupsViewController.swift in Sources */ = {isa = PBXBuildFile; fileRef = F135B5871F7FE9370001EAE2 /* GroupsViewController.swift */; };
		F135B58B1F7FE9370001EAE2 /* Main.storyboard in Resources */ = {isa = PBXBuildFile; fileRef = F135B5891F7FE9370001EAE2 /* Main.storyboard */; };
		F135B58D1F7FE9370001EAE2 /* Assets.xcassets in Resources */ = {isa = PBXBuildFile; fileRef = F135B58C1F7FE9370001EAE2 /* Assets.xcassets */; };
		F135B5901F7FE9370001EAE2 /* LaunchScreen.storyboard in Resources */ = {isa = PBXBuildFile; fileRef = F135B58E1F7FE9370001EAE2 /* LaunchScreen.storyboard */; };
		F135B59B1F7FF0CD0001EAE2 /* WelcomeViewController.swift in Sources */ = {isa = PBXBuildFile; fileRef = F135B59A1F7FF0CD0001EAE2 /* WelcomeViewController.swift */; };
		F135B59D1F7FF9EF0001EAE2 /* LoginFirstViewController.swift in Sources */ = {isa = PBXBuildFile; fileRef = F135B59C1F7FF9EF0001EAE2 /* LoginFirstViewController.swift */; };
		F135B59F1F7FF9FC0001EAE2 /* LoginEmailViewController.swift in Sources */ = {isa = PBXBuildFile; fileRef = F135B59E1F7FF9FC0001EAE2 /* LoginEmailViewController.swift */; };
		F135B5A11F7FFA0B0001EAE2 /* RegisterFirstViewController.swift in Sources */ = {isa = PBXBuildFile; fileRef = F135B5A01F7FFA0B0001EAE2 /* RegisterFirstViewController.swift */; };
		F135B5A31F7FFA170001EAE2 /* RegisterEmailViewController.swift in Sources */ = {isa = PBXBuildFile; fileRef = F135B5A21F7FFA170001EAE2 /* RegisterEmailViewController.swift */; };
		F13F006E1F80260E00429673 /* GoogleService-Info.plist in Resources */ = {isa = PBXBuildFile; fileRef = F135B5A41F8000060001EAE2 /* GoogleService-Info.plist */; };
		F1E222561F8580B2004B93D9 /* PrayerStreamTableViewCell.swift in Sources */ = {isa = PBXBuildFile; fileRef = F1E222541F8580B2004B93D9 /* PrayerStreamTableViewCell.swift */; };
		F1E222571F8580B2004B93D9 /* PrayerStreamTableViewCell.xib in Resources */ = {isa = PBXBuildFile; fileRef = F1E222551F8580B2004B93D9 /* PrayerStreamTableViewCell.xib */; };
		F1E222591F8588AB004B93D9 /* PostPrayerViewController.swift in Sources */ = {isa = PBXBuildFile; fileRef = F1E222581F8588AB004B93D9 /* PostPrayerViewController.swift */; };
		F1E2225B1F859180004B93D9 /* ProfileViewController.swift in Sources */ = {isa = PBXBuildFile; fileRef = F1E2225A1F859180004B93D9 /* ProfileViewController.swift */; };
		F1E2225E1F85955B004B93D9 /* bindtoKeyboard.swift in Sources */ = {isa = PBXBuildFile; fileRef = F1E2225D1F85955B004B93D9 /* bindtoKeyboard.swift */; };
/* End PBXBuildFile section */

/* Begin PBXFileReference section */
		871B358EA5C4948254CE233F /* Pods-Pray Together.debug.xcconfig */ = {isa = PBXFileReference; includeInIndex = 1; lastKnownFileType = text.xcconfig; name = "Pods-Pray Together.debug.xcconfig"; path = "Pods/Target Support Files/Pods-Pray Together/Pods-Pray Together.debug.xcconfig"; sourceTree = "<group>"; };
		BC655F3E11C15C09BF0C4B62 /* Pods_Pray_Together.framework */ = {isa = PBXFileReference; explicitFileType = wrapper.framework; includeInIndex = 0; path = Pods_Pray_Together.framework; sourceTree = BUILT_PRODUCTS_DIR; };
		C21888EED525A434122EB256 /* Pods-Pray Together.release.xcconfig */ = {isa = PBXFileReference; includeInIndex = 1; lastKnownFileType = text.xcconfig; name = "Pods-Pray Together.release.xcconfig"; path = "Pods/Target Support Files/Pods-Pray Together/Pods-Pray Together.release.xcconfig"; sourceTree = "<group>"; };
		F135B5801F7FE9370001EAE2 /* Pray Together.app */ = {isa = PBXFileReference; explicitFileType = wrapper.application; includeInIndex = 0; path = "Pray Together.app"; sourceTree = BUILT_PRODUCTS_DIR; };
		F135B5831F7FE9370001EAE2 /* AppDelegate.swift */ = {isa = PBXFileReference; lastKnownFileType = sourcecode.swift; path = AppDelegate.swift; sourceTree = "<group>"; };
		F135B5851F7FE9370001EAE2 /* PrayerStreamViewController.swift */ = {isa = PBXFileReference; lastKnownFileType = sourcecode.swift; path = PrayerStreamViewController.swift; sourceTree = "<group>"; };
		F135B5871F7FE9370001EAE2 /* GroupsViewController.swift */ = {isa = PBXFileReference; lastKnownFileType = sourcecode.swift; path = GroupsViewController.swift; sourceTree = "<group>"; };
		F135B58A1F7FE9370001EAE2 /* Base */ = {isa = PBXFileReference; lastKnownFileType = file.storyboard; name = Base; path = Base.lproj/Main.storyboard; sourceTree = "<group>"; };
		F135B58C1F7FE9370001EAE2 /* Assets.xcassets */ = {isa = PBXFileReference; lastKnownFileType = folder.assetcatalog; path = Assets.xcassets; sourceTree = "<group>"; };
		F135B58F1F7FE9370001EAE2 /* Base */ = {isa = PBXFileReference; lastKnownFileType = file.storyboard; name = Base; path = Base.lproj/LaunchScreen.storyboard; sourceTree = "<group>"; };
		F135B5911F7FE9370001EAE2 /* Info.plist */ = {isa = PBXFileReference; lastKnownFileType = text.plist.xml; path = Info.plist; sourceTree = "<group>"; };
		F135B59A1F7FF0CD0001EAE2 /* WelcomeViewController.swift */ = {isa = PBXFileReference; lastKnownFileType = sourcecode.swift; path = WelcomeViewController.swift; sourceTree = "<group>"; };
		F135B59C1F7FF9EF0001EAE2 /* LoginFirstViewController.swift */ = {isa = PBXFileReference; lastKnownFileType = sourcecode.swift; path = LoginFirstViewController.swift; sourceTree = "<group>"; };
		F135B59E1F7FF9FC0001EAE2 /* LoginEmailViewController.swift */ = {isa = PBXFileReference; lastKnownFileType = sourcecode.swift; path = LoginEmailViewController.swift; sourceTree = "<group>"; };
		F135B5A01F7FFA0B0001EAE2 /* RegisterFirstViewController.swift */ = {isa = PBXFileReference; lastKnownFileType = sourcecode.swift; path = RegisterFirstViewController.swift; sourceTree = "<group>"; };
		F135B5A21F7FFA170001EAE2 /* RegisterEmailViewController.swift */ = {isa = PBXFileReference; lastKnownFileType = sourcecode.swift; path = RegisterEmailViewController.swift; sourceTree = "<group>"; };
		F135B5A41F8000060001EAE2 /* GoogleService-Info.plist */ = {isa = PBXFileReference; lastKnownFileType = text.plist.xml; path = "GoogleService-Info.plist"; sourceTree = "<group>"; };
		F1E222541F8580B2004B93D9 /* PrayerStreamTableViewCell.swift */ = {isa = PBXFileReference; lastKnownFileType = sourcecode.swift; path = PrayerStreamTableViewCell.swift; sourceTree = "<group>"; };
		F1E222551F8580B2004B93D9 /* PrayerStreamTableViewCell.xib */ = {isa = PBXFileReference; lastKnownFileType = file.xib; path = PrayerStreamTableViewCell.xib; sourceTree = "<group>"; };
		F1E222581F8588AB004B93D9 /* PostPrayerViewController.swift */ = {isa = PBXFileReference; lastKnownFileType = sourcecode.swift; path = PostPrayerViewController.swift; sourceTree = "<group>"; };
		F1E2225A1F859180004B93D9 /* ProfileViewController.swift */ = {isa = PBXFileReference; lastKnownFileType = sourcecode.swift; path = ProfileViewController.swift; sourceTree = "<group>"; };
		F1E2225D1F85955B004B93D9 /* bindtoKeyboard.swift */ = {isa = PBXFileReference; lastKnownFileType = sourcecode.swift; path = bindtoKeyboard.swift; sourceTree = "<group>"; };
/* End PBXFileReference section */

/* Begin PBXFrameworksBuildPhase section */
		F135B57D1F7FE9370001EAE2 /* Frameworks */ = {
			isa = PBXFrameworksBuildPhase;
			buildActionMask = 2147483647;
			files = (
				443CE4FFEC12C00B44CED9C8 /* Pods_Pray_Together.framework in Frameworks */,
			);
			runOnlyForDeploymentPostprocessing = 0;
		};
/* End PBXFrameworksBuildPhase section */

/* Begin PBXGroup section */
		A164EE2E6A5BEE46E4E9B509 /* Pods */ = {
			isa = PBXGroup;
			children = (
				871B358EA5C4948254CE233F /* Pods-Pray Together.debug.xcconfig */,
				C21888EED525A434122EB256 /* Pods-Pray Together.release.xcconfig */,
			);
			name = Pods;
			sourceTree = "<group>";
		};
		E9E04491BF3AB53812F13AC6 /* Frameworks */ = {
			isa = PBXGroup;
			children = (
				BC655F3E11C15C09BF0C4B62 /* Pods_Pray_Together.framework */,
			);
			name = Frameworks;
			sourceTree = "<group>";
		};
		F135B5771F7FE9370001EAE2 = {
			isa = PBXGroup;
			children = (
				F135B5821F7FE9370001EAE2 /* Pray Together */,
				F135B5811F7FE9370001EAE2 /* Products */,
				A164EE2E6A5BEE46E4E9B509 /* Pods */,
				E9E04491BF3AB53812F13AC6 /* Frameworks */,
			);
			sourceTree = "<group>";
		};
		F135B5811F7FE9370001EAE2 /* Products */ = {
			isa = PBXGroup;
			children = (
				F135B5801F7FE9370001EAE2 /* Pray Together.app */,
			);
			name = Products;
			sourceTree = "<group>";
		};
		F135B5821F7FE9370001EAE2 /* Pray Together */ = {
			isa = PBXGroup;
			children = (
				F1E2225C1F8592CA004B93D9 /* Extension */,
				F1E222521F858060004B93D9 /* Auth Services */,
				F1E222531F85806E004B93D9 /* Data Services */,
				F1E222501F858007004B93D9 /* Models */,
				F1E2224F1F858000004B93D9 /* Views */,
				F135B5971F7FED0A0001EAE2 /* Controllers */,
				F135B5831F7FE9370001EAE2 /* AppDelegate.swift */,
				F135B5911F7FE9370001EAE2 /* Info.plist */,
				F135B5A41F8000060001EAE2 /* GoogleService-Info.plist */,
				F135B58C1F7FE9370001EAE2 /* Assets.xcassets */,
			);
			path = "Pray Together";
			sourceTree = "<group>";
		};
		F135B5971F7FED0A0001EAE2 /* Controllers */ = {
			isa = PBXGroup;
			children = (
				F135B5851F7FE9370001EAE2 /* PrayerStreamViewController.swift */,
				F135B5871F7FE9370001EAE2 /* GroupsViewController.swift */,
				F135B59A1F7FF0CD0001EAE2 /* WelcomeViewController.swift */,
				F135B59C1F7FF9EF0001EAE2 /* LoginFirstViewController.swift */,
				F135B59E1F7FF9FC0001EAE2 /* LoginEmailViewController.swift */,
				F135B5A01F7FFA0B0001EAE2 /* RegisterFirstViewController.swift */,
				F135B5A21F7FFA170001EAE2 /* RegisterEmailViewController.swift */,
				F1E222581F8588AB004B93D9 /* PostPrayerViewController.swift */,
				F1E2225A1F859180004B93D9 /* ProfileViewController.swift */,
			);
			path = Controllers;
			sourceTree = "<group>";
		};
		F1E2224F1F858000004B93D9 /* Views */ = {
			isa = PBXGroup;
			children = (
				F135B5891F7FE9370001EAE2 /* Main.storyboard */,
				F135B58E1F7FE9370001EAE2 /* LaunchScreen.storyboard */,
			);
			path = Views;
			sourceTree = "<group>";
		};
		F1E222501F858007004B93D9 /* Models */ = {
			isa = PBXGroup;
			children = (
				F1E222541F8580B2004B93D9 /* PrayerStreamTableViewCell.swift */,
				F1E222551F8580B2004B93D9 /* PrayerStreamTableViewCell.xib */,
			);
			path = Models;
			sourceTree = "<group>";
		};
		F1E222521F858060004B93D9 /* Auth Services */ = {
			isa = PBXGroup;
			children = (
			);
			path = "Auth Services";
			sourceTree = "<group>";
		};
		F1E222531F85806E004B93D9 /* Data Services */ = {
			isa = PBXGroup;
			children = (
			);
			path = "Data Services";
			sourceTree = "<group>";
		};
		F1E2225C1F8592CA004B93D9 /* Extension */ = {
			isa = PBXGroup;
			children = (
				F1E2225D1F85955B004B93D9 /* bindtoKeyboard.swift */,
			);
			name = Extension;
			path = "New Group";
			sourceTree = "<group>";
		};
/* End PBXGroup section */

/* Begin PBXNativeTarget section */
		F135B57F1F7FE9370001EAE2 /* Pray Together */ = {
			isa = PBXNativeTarget;
			buildConfigurationList = F135B5941F7FE9370001EAE2 /* Build configuration list for PBXNativeTarget "Pray Together" */;
			buildPhases = (
				F40C41C8F66A091F5FD7B745 /* [CP] Check Pods Manifest.lock */,
				F135B57C1F7FE9370001EAE2 /* Sources */,
				F135B57D1F7FE9370001EAE2 /* Frameworks */,
				F135B57E1F7FE9370001EAE2 /* Resources */,
				D2511811AEFD77B747EA9137 /* [CP] Embed Pods Frameworks */,
				D0215472B82FAA1D2E68E60F /* [CP] Copy Pods Resources */,
			);
			buildRules = (
			);
			dependencies = (
			);
			name = "Pray Together";
			productName = "Pray Together";
			productReference = F135B5801F7FE9370001EAE2 /* Pray Together.app */;
			productType = "com.apple.product-type.application";
		};
/* End PBXNativeTarget section */

/* Begin PBXProject section */
		F135B5781F7FE9370001EAE2 /* Project object */ = {
			isa = PBXProject;
			attributes = {
				LastSwiftUpdateCheck = 0900;
				LastUpgradeCheck = 0900;
				ORGANIZATIONNAME = "Jason Mundie";
				TargetAttributes = {
					F135B57F1F7FE9370001EAE2 = {
						CreatedOnToolsVersion = 9.0;
						ProvisioningStyle = Automatic;
					};
				};
			};
			buildConfigurationList = F135B57B1F7FE9370001EAE2 /* Build configuration list for PBXProject "Pray Together" */;
			compatibilityVersion = "Xcode 8.0";
			developmentRegion = en;
			hasScannedForEncodings = 0;
			knownRegions = (
				en,
				Base,
			);
			mainGroup = F135B5771F7FE9370001EAE2;
			productRefGroup = F135B5811F7FE9370001EAE2 /* Products */;
			projectDirPath = "";
			projectRoot = "";
			targets = (
				F135B57F1F7FE9370001EAE2 /* Pray Together */,
			);
		};
/* End PBXProject section */

/* Begin PBXResourcesBuildPhase section */
		F135B57E1F7FE9370001EAE2 /* Resources */ = {
			isa = PBXResourcesBuildPhase;
			buildActionMask = 2147483647;
			files = (
				F13F006E1F80260E00429673 /* GoogleService-Info.plist in Resources */,
				F135B5901F7FE9370001EAE2 /* LaunchScreen.storyboard in Resources */,
				F1E222571F8580B2004B93D9 /* PrayerStreamTableViewCell.xib in Resources */,
				F135B58D1F7FE9370001EAE2 /* Assets.xcassets in Resources */,
				F135B58B1F7FE9370001EAE2 /* Main.storyboard in Resources */,
			);
			runOnlyForDeploymentPostprocessing = 0;
		};
/* End PBXResourcesBuildPhase section */

/* Begin PBXShellScriptBuildPhase section */
		D0215472B82FAA1D2E68E60F /* [CP] Copy Pods Resources */ = {
			isa = PBXShellScriptBuildPhase;
			buildActionMask = 2147483647;
			files = (
			);
			inputPaths = (
			);
			name = "[CP] Copy Pods Resources";
			outputPaths = (
			);
			runOnlyForDeploymentPostprocessing = 0;
			shellPath = /bin/sh;
			shellScript = "\"${SRCROOT}/Pods/Target Support Files/Pods-Pray Together/Pods-Pray Together-resources.sh\"\n";
			showEnvVarsInLog = 0;
		};
		D2511811AEFD77B747EA9137 /* [CP] Embed Pods Frameworks */ = {
			isa = PBXShellScriptBuildPhase;
			buildActionMask = 2147483647;
			files = (
			);
			inputPaths = (
				"${SRCROOT}/Pods/Target Support Files/Pods-Pray Together/Pods-Pray Together-frameworks.sh",
				"${BUILT_PRODUCTS_DIR}/GTMSessionFetcher/GTMSessionFetcher.framework",
				"${BUILT_PRODUCTS_DIR}/GoogleToolboxForMac/GoogleToolboxForMac.framework",
				"${BUILT_PRODUCTS_DIR}/leveldb-library/leveldb.framework",
				"${BUILT_PRODUCTS_DIR}/nanopb/nanopb.framework",
			);
			name = "[CP] Embed Pods Frameworks";
			outputPaths = (
				"${TARGET_BUILD_DIR}/${FRAMEWORKS_FOLDER_PATH}/GTMSessionFetcher.framework",
				"${TARGET_BUILD_DIR}/${FRAMEWORKS_FOLDER_PATH}/GoogleToolboxForMac.framework",
				"${TARGET_BUILD_DIR}/${FRAMEWORKS_FOLDER_PATH}/leveldb.framework",
				"${TARGET_BUILD_DIR}/${FRAMEWORKS_FOLDER_PATH}/nanopb.framework",
			);
			runOnlyForDeploymentPostprocessing = 0;
			shellPath = /bin/sh;
			shellScript = "\"${SRCROOT}/Pods/Target Support Files/Pods-Pray Together/Pods-Pray Together-frameworks.sh\"\n";
			showEnvVarsInLog = 0;
		};
		F40C41C8F66A091F5FD7B745 /* [CP] Check Pods Manifest.lock */ = {
			isa = PBXShellScriptBuildPhase;
			buildActionMask = 2147483647;
			files = (
			);
			inputPaths = (
				"${PODS_PODFILE_DIR_PATH}/Podfile.lock",
				"${PODS_ROOT}/Manifest.lock",
			);
			name = "[CP] Check Pods Manifest.lock";
			outputPaths = (
				"$(DERIVED_FILE_DIR)/Pods-Pray Together-checkManifestLockResult.txt",
			);
			runOnlyForDeploymentPostprocessing = 0;
			shellPath = /bin/sh;
			shellScript = "diff \"${PODS_PODFILE_DIR_PATH}/Podfile.lock\" \"${PODS_ROOT}/Manifest.lock\" > /dev/null\nif [ $? != 0 ] ; then\n    # print error to STDERR\n    echo \"error: The sandbox is not in sync with the Podfile.lock. Run 'pod install' or update your CocoaPods installation.\" >&2\n    exit 1\nfi\n# This output is used by Xcode 'outputs' to avoid re-running this script phase.\necho \"SUCCESS\" > \"${SCRIPT_OUTPUT_FILE_0}\"\n";
			showEnvVarsInLog = 0;
		};
/* End PBXShellScriptBuildPhase section */

/* Begin PBXSourcesBuildPhase section */
		F135B57C1F7FE9370001EAE2 /* Sources */ = {
			isa = PBXSourcesBuildPhase;
			buildActionMask = 2147483647;
			files = (
				F1E2225E1F85955B004B93D9 /* bindtoKeyboard.swift in Sources */,
				F135B5A31F7FFA170001EAE2 /* RegisterEmailViewController.swift in Sources */,
				F135B5881F7FE9370001EAE2 /* GroupsViewController.swift in Sources */,
				F135B59B1F7FF0CD0001EAE2 /* WelcomeViewController.swift in Sources */,
				F135B59D1F7FF9EF0001EAE2 /* LoginFirstViewController.swift in Sources */,
				F135B59F1F7FF9FC0001EAE2 /* LoginEmailViewController.swift in Sources */,
				F1E222561F8580B2004B93D9 /* PrayerStreamTableViewCell.swift in Sources */,
				F1E2225B1F859180004B93D9 /* ProfileViewController.swift in Sources */,
				F135B5841F7FE9370001EAE2 /* AppDelegate.swift in Sources */,
				F135B5A11F7FFA0B0001EAE2 /* RegisterFirstViewController.swift in Sources */,
				F135B5861F7FE9370001EAE2 /* PrayerStreamViewController.swift in Sources */,
				F1E222591F8588AB004B93D9 /* PostPrayerViewController.swift in Sources */,
			);
			runOnlyForDeploymentPostprocessing = 0;
		};
/* End PBXSourcesBuildPhase section */

/* Begin PBXVariantGroup section */
		F135B5891F7FE9370001EAE2 /* Main.storyboard */ = {
			isa = PBXVariantGroup;
			children = (
				F135B58A1F7FE9370001EAE2 /* Base */,
			);
			name = Main.storyboard;
			sourceTree = "<group>";
		};
		F135B58E1F7FE9370001EAE2 /* LaunchScreen.storyboard */ = {
			isa = PBXVariantGroup;
			children = (
				F135B58F1F7FE9370001EAE2 /* Base */,
			);
			name = LaunchScreen.storyboard;
			sourceTree = "<group>";
		};
/* End PBXVariantGroup section */

/* Begin XCBuildConfiguration section */
		F135B5921F7FE9370001EAE2 /* Debug */ = {
			isa = XCBuildConfiguration;
			buildSettings = {
				ALWAYS_SEARCH_USER_PATHS = NO;
				CLANG_ANALYZER_NONNULL = YES;
				CLANG_ANALYZER_NUMBER_OBJECT_CONVERSION = YES_AGGRESSIVE;
				CLANG_CXX_LANGUAGE_STANDARD = "gnu++14";
				CLANG_CXX_LIBRARY = "libc++";
				CLANG_ENABLE_MODULES = YES;
				CLANG_ENABLE_OBJC_ARC = YES;
				CLANG_WARN_BLOCK_CAPTURE_AUTORELEASING = YES;
				CLANG_WARN_BOOL_CONVERSION = YES;
				CLANG_WARN_COMMA = YES;
				CLANG_WARN_CONSTANT_CONVERSION = YES;
				CLANG_WARN_DIRECT_OBJC_ISA_USAGE = YES_ERROR;
				CLANG_WARN_DOCUMENTATION_COMMENTS = YES;
				CLANG_WARN_EMPTY_BODY = YES;
				CLANG_WARN_ENUM_CONVERSION = YES;
				CLANG_WARN_INFINITE_RECURSION = YES;
				CLANG_WARN_INT_CONVERSION = YES;
				CLANG_WARN_NON_LITERAL_NULL_CONVERSION = YES;
				CLANG_WARN_OBJC_LITERAL_CONVERSION = YES;
				CLANG_WARN_OBJC_ROOT_CLASS = YES_ERROR;
				CLANG_WARN_RANGE_LOOP_ANALYSIS = YES;
				CLANG_WARN_STRICT_PROTOTYPES = YES;
				CLANG_WARN_SUSPICIOUS_MOVE = YES;
				CLANG_WARN_UNGUARDED_AVAILABILITY = YES_AGGRESSIVE;
				CLANG_WARN_UNREACHABLE_CODE = YES;
				CLANG_WARN__DUPLICATE_METHOD_MATCH = YES;
				CODE_SIGN_IDENTITY = "iPhone Developer";
				COPY_PHASE_STRIP = NO;
				DEBUG_INFORMATION_FORMAT = dwarf;
				ENABLE_STRICT_OBJC_MSGSEND = YES;
				ENABLE_TESTABILITY = YES;
				GCC_C_LANGUAGE_STANDARD = gnu11;
				GCC_DYNAMIC_NO_PIC = NO;
				GCC_NO_COMMON_BLOCKS = YES;
				GCC_OPTIMIZATION_LEVEL = 0;
				GCC_PREPROCESSOR_DEFINITIONS = (
					"DEBUG=1",
					"$(inherited)",
				);
				GCC_WARN_64_TO_32_BIT_CONVERSION = YES;
				GCC_WARN_ABOUT_RETURN_TYPE = YES_ERROR;
				GCC_WARN_UNDECLARED_SELECTOR = YES;
				GCC_WARN_UNINITIALIZED_AUTOS = YES_AGGRESSIVE;
				GCC_WARN_UNUSED_FUNCTION = YES;
				GCC_WARN_UNUSED_VARIABLE = YES;
				IPHONEOS_DEPLOYMENT_TARGET = 11.0;
				MTL_ENABLE_DEBUG_INFO = YES;
				ONLY_ACTIVE_ARCH = YES;
				SDKROOT = iphoneos;
				SWIFT_ACTIVE_COMPILATION_CONDITIONS = DEBUG;
				SWIFT_OPTIMIZATION_LEVEL = "-Onone";
			};
			name = Debug;
		};
		F135B5931F7FE9370001EAE2 /* Release */ = {
			isa = XCBuildConfiguration;
			buildSettings = {
				ALWAYS_SEARCH_USER_PATHS = NO;
				CLANG_ANALYZER_NONNULL = YES;
				CLANG_ANALYZER_NUMBER_OBJECT_CONVERSION = YES_AGGRESSIVE;
				CLANG_CXX_LANGUAGE_STANDARD = "gnu++14";
				CLANG_CXX_LIBRARY = "libc++";
				CLANG_ENABLE_MODULES = YES;
				CLANG_ENABLE_OBJC_ARC = YES;
				CLANG_WARN_BLOCK_CAPTURE_AUTORELEASING = YES;
				CLANG_WARN_BOOL_CONVERSION = YES;
				CLANG_WARN_COMMA = YES;
				CLANG_WARN_CONSTANT_CONVERSION = YES;
				CLANG_WARN_DIRECT_OBJC_ISA_USAGE = YES_ERROR;
				CLANG_WARN_DOCUMENTATION_COMMENTS = YES;
				CLANG_WARN_EMPTY_BODY = YES;
				CLANG_WARN_ENUM_CONVERSION = YES;
				CLANG_WARN_INFINITE_RECURSION = YES;
				CLANG_WARN_INT_CONVERSION = YES;
				CLANG_WARN_NON_LITERAL_NULL_CONVERSION = YES;
				CLANG_WARN_OBJC_LITERAL_CONVERSION = YES;
				CLANG_WARN_OBJC_ROOT_CLASS = YES_ERROR;
				CLANG_WARN_RANGE_LOOP_ANALYSIS = YES;
				CLANG_WARN_STRICT_PROTOTYPES = YES;
				CLANG_WARN_SUSPICIOUS_MOVE = YES;
				CLANG_WARN_UNGUARDED_AVAILABILITY = YES_AGGRESSIVE;
				CLANG_WARN_UNREACHABLE_CODE = YES;
				CLANG_WARN__DUPLICATE_METHOD_MATCH = YES;
				CODE_SIGN_IDENTITY = "iPhone Developer";
				COPY_PHASE_STRIP = NO;
				DEBUG_INFORMATION_FORMAT = "dwarf-with-dsym";
				ENABLE_NS_ASSERTIONS = NO;
				ENABLE_STRICT_OBJC_MSGSEND = YES;
				GCC_C_LANGUAGE_STANDARD = gnu11;
				GCC_NO_COMMON_BLOCKS = YES;
				GCC_WARN_64_TO_32_BIT_CONVERSION = YES;
				GCC_WARN_ABOUT_RETURN_TYPE = YES_ERROR;
				GCC_WARN_UNDECLARED_SELECTOR = YES;
				GCC_WARN_UNINITIALIZED_AUTOS = YES_AGGRESSIVE;
				GCC_WARN_UNUSED_FUNCTION = YES;
				GCC_WARN_UNUSED_VARIABLE = YES;
				IPHONEOS_DEPLOYMENT_TARGET = 11.0;
				MTL_ENABLE_DEBUG_INFO = NO;
				SDKROOT = iphoneos;
				SWIFT_OPTIMIZATION_LEVEL = "-Owholemodule";
				VALIDATE_PRODUCT = YES;
			};
			name = Release;
		};
		F135B5951F7FE9370001EAE2 /* Debug */ = {
			isa = XCBuildConfiguration;
			baseConfigurationReference = 871B358EA5C4948254CE233F /* Pods-Pray Together.debug.xcconfig */;
			buildSettings = {
				ASSETCATALOG_COMPILER_APPICON_NAME = AppIcon;
				CODE_SIGN_STYLE = Automatic;
				DEVELOPMENT_TEAM = 93X3NYEN5T;
				INFOPLIST_FILE = "Pray Together/Info.plist";
				LD_RUNPATH_SEARCH_PATHS = "$(inherited) @executable_path/Frameworks";
				PRODUCT_BUNDLE_IDENTIFIER = "com.jasonmundie.Pray-Together";
				PRODUCT_NAME = "$(TARGET_NAME)";
				SWIFT_VERSION = 4.0;
				TARGETED_DEVICE_FAMILY = "1,2";
			};
			name = Debug;
		};
		F135B5961F7FE9370001EAE2 /* Release */ = {
			isa = XCBuildConfiguration;
			baseConfigurationReference = C21888EED525A434122EB256 /* Pods-Pray Together.release.xcconfig */;
			buildSettings = {
				ASSETCATALOG_COMPILER_APPICON_NAME = AppIcon;
				CODE_SIGN_STYLE = Automatic;
				DEVELOPMENT_TEAM = 93X3NYEN5T;
				INFOPLIST_FILE = "Pray Together/Info.plist";
				LD_RUNPATH_SEARCH_PATHS = "$(inherited) @executable_path/Frameworks";
				PRODUCT_BUNDLE_IDENTIFIER = "com.jasonmundie.Pray-Together";
				PRODUCT_NAME = "$(TARGET_NAME)";
				SWIFT_VERSION = 4.0;
				TARGETED_DEVICE_FAMILY = "1,2";
			};
			name = Release;
		};
/* End XCBuildConfiguration section */

/* Begin XCConfigurationList section */
		F135B57B1F7FE9370001EAE2 /* Build configuration list for PBXProject "Pray Together" */ = {
			isa = XCConfigurationList;
			buildConfigurations = (
				F135B5921F7FE9370001EAE2 /* Debug */,
				F135B5931F7FE9370001EAE2 /* Release */,
			);
			defaultConfigurationIsVisible = 0;
			defaultConfigurationName = Release;
		};
		F135B5941F7FE9370001EAE2 /* Build configuration list for PBXNativeTarget "Pray Together" */ = {
			isa = XCConfigurationList;
			buildConfigurations = (
				F135B5951F7FE9370001EAE2 /* Debug */,
				F135B5961F7FE9370001EAE2 /* Release */,
			);
			defaultConfigurationIsVisible = 0;
			defaultConfigurationName = Release;
		};
/* End XCConfigurationList section */
	};
	rootObject = F135B5781F7FE9370001EAE2 /* Project object */;
}
